
Microsoft Visual Studio Solution File, Format Version 12.00
# Visual Studio 15
VisualStudioVersion = 15.0.28307.421
MinimumVisualStudioVersion = 10.0.40219.1
Project("{FAE04EC0-301F-11D3-BF4B-00C04F79EFBC}") = "Assignment3C", "Assignment3C\Assignment3C.csproj", "{377E5E94-D51A-4B23-99C6-A6CBE5A1739B}"
EndProject
Global
	GlobalSection(SolutionConfigurationPlatforms) = preSolution
		Debug|Any CPU = Debug|Any CPU
		Release|Any CPU = Release|Any CPU
	EndGlobalSection
	GlobalSection(ProjectConfigurationPlatforms) = postSolution
		{377E5E94-D51A-4B23-99C6-A6CBE5A1739B}.Debug|Any CPU.ActiveCfg = Debug|Any CPU
		{377E5E94-D51A-4B23-99C6-A6CBE5A1739B}.Debug|Any CPU.Build.0 = Debug|Any CPU
		{377E5E94-D51A-4B23-99C6-A6CBE5A1739B}.Release|Any CPU.ActiveCfg = Release|Any CPU
		{377E5E94-D51A-4B23-99C6-A6CBE5A1739B}.Release|Any CPU.Build.0 = Release|Any CPU
	EndGlobalSection
	GlobalSection(SolutionProperties) = preSolution
		HideSolutionNode = FALSE
	EndGlobalSection
	GlobalSection(ExtensibilityGlobals) = postSolution
		SolutionGuid = {7973C6E5-1DF4-4F7C-AA5E-2746B2F79CE3}
	EndGlobalSection
EndGlobal
